// !$*UTF8*$!
{
	archiveVersion = 1;
	classes = {
	};
	objectVersion = 50;
	objects = {

/* Begin PBXBuildFile section */
		A754893B2566907F001257FE /* HW4_crudappApp.swift in Sources */ = {isa = PBXBuildFile; fileRef = A754893A2566907F001257FE /* HW4_crudappApp.swift */; };
		A754893D2566907F001257FE /* ContentView.swift in Sources */ = {isa = PBXBuildFile; fileRef = A754893C2566907F001257FE /* ContentView.swift */; };
		A754893F25669083001257FE /* Assets.xcassets in Resources */ = {isa = PBXBuildFile; fileRef = A754893E25669083001257FE /* Assets.xcassets */; };
		A754894225669083001257FE /* Preview Assets.xcassets in Resources */ = {isa = PBXBuildFile; fileRef = A754894125669083001257FE /* Preview Assets.xcassets */; };
		A754894D25669083001257FE /* HW4_crudappTests.swift in Sources */ = {isa = PBXBuildFile; fileRef = A754894C25669083001257FE /* HW4_crudappTests.swift */; };
		A754895825669083001257FE /* HW4_crudappUITests.swift in Sources */ = {isa = PBXBuildFile; fileRef = A754895725669083001257FE /* HW4_crudappUITests.swift */; };
		A754896925669315001257FE /* User.swift in Sources */ = {isa = PBXBuildFile; fileRef = A754896825669315001257FE /* User.swift */; };
		A7548973256693D5001257FE /* UserRow.swift in Sources */ = {isa = PBXBuildFile; fileRef = A7548972256693D5001257FE /* UserRow.swift */; };
		A754897825669531001257FE /* UserList.swift in Sources */ = {isa = PBXBuildFile; fileRef = A754897725669531001257FE /* UserList.swift */; };
		A754898025669580001257FE /* UserData.swift in Sources */ = {isa = PBXBuildFile; fileRef = A754897F25669580001257FE /* UserData.swift */; };
		A754898525669802001257FE /* UserEditor.swift in Sources */ = {isa = PBXBuildFile; fileRef = A754898425669802001257FE /* UserEditor.swift */; };
		A754898F256A5DE5001257FE /* chartView.swift in Sources */ = {isa = PBXBuildFile; fileRef = A754898E256A5DE5001257FE /* chartView.swift */; };
		A7548994256A609E001257FE /* data.swift in Sources */ = {isa = PBXBuildFile; fileRef = A7548993256A609E001257FE /* data.swift */; };
		A77E7112256D2AF40035E90E /* musicRowView.swift in Sources */ = {isa = PBXBuildFile; fileRef = A77E7111256D2AF40035E90E /* musicRowView.swift */; };
		A77E7118256D2FA50035E90E /* rankView.swift in Sources */ = {isa = PBXBuildFile; fileRef = A77E7117256D2FA50035E90E /* rankView.swift */; };
		A77E7120256E2D690035E90E /* zhou-jie-lun-jay-chou-with-yang-rui-dai-deng-ni-xia-ke-waiting-for-you-ge-ci-ban-mv.mp3 in Resources */ = {isa = PBXBuildFile; fileRef = A77E711D256E2D680035E90E /* zhou-jie-lun-jay-chou-with-yang-rui-dai-deng-ni-xia-ke-waiting-for-you-ge-ci-ban-mv.mp3 */; };
		A77E7121256E2D690035E90E /* zhou-jie-lun-jay-chou-shuo-hao-bu-ku-wont-cry-with-wu-yue-tian-a-xin-mayday-ashin-official-mv.mp3 in Resources */ = {isa = PBXBuildFile; fileRef = A77E711E256E2D680035E90E /* zhou-jie-lun-jay-chou-shuo-hao-bu-ku-wont-cry-with-wu-yue-tian-a-xin-mayday-ashin-official-mv.mp3 */; };
		A77E7122256E2D690035E90E /* zhou-jie-lun-jay-chou-te-bie-yan-chu-pai-wei-jun-gao-bai-qi-qiu-love-confession-official-mv.mp3 in Resources */ = {isa = PBXBuildFile; fileRef = A77E711F256E2D680035E90E /* zhou-jie-lun-jay-chou-te-bie-yan-chu-pai-wei-jun-gao-bai-qi-qiu-love-confession-official-mv.mp3 */; };
		A77E712E256E2D870035E90E /* shou-zi-e-so-wait-official-music-video.mp3 in Resources */ = {isa = PBXBuildFile; fileRef = A77E7126256E2D850035E90E /* shou-zi-e-so-wait-official-music-video.mp3 */; };
		A77E712F256E2D870035E90E /* zhou-jie-lun-jay-chou-bu-ai-wo-jiu-la-dao-if-you-dont-love-me-its-fine-official-mv-fa-shao-ying-pian-hua-yu-di-qu-chan-lian-di-mei-guo-zhi-chong-qian-er.mp3 in Resources */ = {isa = PBXBuildFile; fileRef = A77E7127256E2D860035E90E /* zhou-jie-lun-jay-chou-bu-ai-wo-jiu-la-dao-if-you-dont-love-me-its-fine-official-mv-fa-shao-ying-pian-hua-yu-di-qu-chan-lian-di-mei-guo-zhi-chong-qian-er.mp3 */; };
		A77E7130256E2D870035E90E /* zhou-jie-lun-jay-chou-x-amei-bu-gai-shouldnt-be-official-mv.mp3 in Resources */ = {isa = PBXBuildFile; fileRef = A77E7128256E2D860035E90E /* zhou-jie-lun-jay-chou-x-amei-bu-gai-shouldnt-be-official-mv.mp3 */; };
		A77E7131256E2D870035E90E /* shou-zi-e-so-change-official-music-video-5k.mp3 in Resources */ = {isa = PBXBuildFile; fileRef = A77E7129256E2D860035E90E /* shou-zi-e-so-change-official-music-video-5k.mp3 */; };
		A77E7132256E2D870035E90E /* shou-zi-e-so-ta-mei-zai-kan-wo-she-aint-watchin-official-music-video-5k.mp3 in Resources */ = {isa = PBXBuildFile; fileRef = A77E712A256E2D860035E90E /* shou-zi-e-so-ta-mei-zai-kan-wo-she-aint-watchin-official-music-video-5k.mp3 */; };
		A77E7134256E2D870035E90E /* shou-zi-e-so-tai-yang-when-the-cloudless-day-comes-lyric-video.mp3 in Resources */ = {isa = PBXBuildFile; fileRef = A77E712C256E2D870035E90E /* shou-zi-e-so-tai-yang-when-the-cloudless-day-comes-lyric-video.mp3 */; };
		A77E7135256E2D870035E90E /* shou-zi-e-so-bo-fu-bo-fu-official-music-video.mp3 in Resources */ = {isa = PBXBuildFile; fileRef = A77E712D256E2D870035E90E /* shou-zi-e-so-bo-fu-bo-fu-official-music-video.mp3 */; };
		A77E7141256E2DB40035E90E /* ericzhou-xing-zhe-yi-hou-bie-zuo-peng-you-the-distance-of-love-official-music-video.mp3 in Resources */ = {isa = PBXBuildFile; fileRef = A77E713C256E2DB30035E90E /* ericzhou-xing-zhe-yi-hou-bie-zuo-peng-you-the-distance-of-love-official-music-video.mp3 */; };
		A77E7142256E2DB40035E90E /* ericzhou-xing-zhe-zhong-yu-liao-jie-zi-you-freedom-official-music-video.mp3 in Resources */ = {isa = PBXBuildFile; fileRef = A77E713D256E2DB40035E90E /* ericzhou-xing-zhe-zhong-yu-liao-jie-zi-you-freedom-official-music-video.mp3 */; };
		A77E7143256E2DB40035E90E /* ericzhou-xing-zhe-wo-hen-kuai-le-im-happy-official-music-video.mp3 in Resources */ = {isa = PBXBuildFile; fileRef = A77E713E256E2DB40035E90E /* ericzhou-xing-zhe-wo-hen-kuai-le-im-happy-official-music-video.mp3 */; };
		A77E7144256E2DB40035E90E /* hua-ju-ni-you-nian-da-xue-ma-pian-wei-qu.mp3 in Resources */ = {isa = PBXBuildFile; fileRef = A77E713F256E2DB40035E90E /* hua-ju-ni-you-nian-da-xue-ma-pian-wei-qu.mp3 */; };
		A77E7145256E2DB40035E90E /* ericzhou-xing-zhe-ni-hao-bu-hao-how-have-you-been-official-music-video-yi-han-pin-tu-pian-wei-qu.mp3 in Resources */ = {isa = PBXBuildFile; fileRef = A77E7140256E2DB40035E90E /* ericzhou-xing-zhe-ni-hao-bu-hao-how-have-you-been-official-music-video-yi-han-pin-tu-pian-wei-qu.mp3 */; };
		A78DB6D8256BDC63008F2E03 /* piechartView.swift in Sources */ = {isa = PBXBuildFile; fileRef = A78DB6D7256BDC63008F2E03 /* piechartView.swift */; };
		A78DB6E0256BDC8B008F2E03 /* HistogramView.swift in Sources */ = {isa = PBXBuildFile; fileRef = A78DB6DF256BDC8B008F2E03 /* HistogramView.swift */; };
/* End PBXBuildFile section */

/* Begin PBXContainerItemProxy section */
		A754894925669083001257FE /* PBXContainerItemProxy */ = {
			isa = PBXContainerItemProxy;
			containerPortal = A754892F2566907F001257FE /* Project object */;
			proxyType = 1;
			remoteGlobalIDString = A75489362566907F001257FE;
			remoteInfo = HW4_crudapp;
		};
		A754895425669083001257FE /* PBXContainerItemProxy */ = {
			isa = PBXContainerItemProxy;
			containerPortal = A754892F2566907F001257FE /* Project object */;
			proxyType = 1;
			remoteGlobalIDString = A75489362566907F001257FE;
			remoteInfo = HW4_crudapp;
		};
/* End PBXContainerItemProxy section */

/* Begin PBXFileReference section */
		A75489372566907F001257FE /* HW4_crudapp.app */ = {isa = PBXFileReference; explicitFileType = wrapper.application; includeInIndex = 0; path = HW4_crudapp.app; sourceTree = BUILT_PRODUCTS_DIR; };
		A754893A2566907F001257FE /* HW4_crudappApp.swift */ = {isa = PBXFileReference; lastKnownFileType = sourcecode.swift; path = HW4_crudappApp.swift; sourceTree = "<group>"; };
		A754893C2566907F001257FE /* ContentView.swift */ = {isa = PBXFileReference; lastKnownFileType = sourcecode.swift; path = ContentView.swift; sourceTree = "<group>"; };
		A754893E25669083001257FE /* Assets.xcassets */ = {isa = PBXFileReference; lastKnownFileType = folder.assetcatalog; path = Assets.xcassets; sourceTree = "<group>"; };
		A754894125669083001257FE /* Preview Assets.xcassets */ = {isa = PBXFileReference; lastKnownFileType = folder.assetcatalog; path = "Preview Assets.xcassets"; sourceTree = "<group>"; };
		A754894325669083001257FE /* Info.plist */ = {isa = PBXFileReference; lastKnownFileType = text.plist.xml; path = Info.plist; sourceTree = "<group>"; };
		A754894825669083001257FE /* HW4_crudappTests.xctest */ = {isa = PBXFileReference; explicitFileType = wrapper.cfbundle; includeInIndex = 0; path = HW4_crudappTests.xctest; sourceTree = BUILT_PRODUCTS_DIR; };
		A754894C25669083001257FE /* HW4_crudappTests.swift */ = {isa = PBXFileReference; lastKnownFileType = sourcecode.swift; path = HW4_crudappTests.swift; sourceTree = "<group>"; };
		A754894E25669083001257FE /* Info.plist */ = {isa = PBXFileReference; lastKnownFileType = text.plist.xml; path = Info.plist; sourceTree = "<group>"; };
		A754895325669083001257FE /* HW4_crudappUITests.xctest */ = {isa = PBXFileReference; explicitFileType = wrapper.cfbundle; includeInIndex = 0; path = HW4_crudappUITests.xctest; sourceTree = BUILT_PRODUCTS_DIR; };
		A754895725669083001257FE /* HW4_crudappUITests.swift */ = {isa = PBXFileReference; lastKnownFileType = sourcecode.swift; path = HW4_crudappUITests.swift; sourceTree = "<group>"; };
		A754895925669083001257FE /* Info.plist */ = {isa = PBXFileReference; lastKnownFileType = text.plist.xml; path = Info.plist; sourceTree = "<group>"; };
		A754896825669315001257FE /* User.swift */ = {isa = PBXFileReference; lastKnownFileType = sourcecode.swift; path = User.swift; sourceTree = "<group>"; };
		A7548972256693D5001257FE /* UserRow.swift */ = {isa = PBXFileReference; lastKnownFileType = sourcecode.swift; path = UserRow.swift; sourceTree = "<group>"; };
		A754897725669531001257FE /* UserList.swift */ = {isa = PBXFileReference; lastKnownFileType = sourcecode.swift; path = UserList.swift; sourceTree = "<group>"; };
		A754897F25669580001257FE /* UserData.swift */ = {isa = PBXFileReference; lastKnownFileType = sourcecode.swift; path = UserData.swift; sourceTree = "<group>"; };
		A754898425669802001257FE /* UserEditor.swift */ = {isa = PBXFileReference; lastKnownFileType = sourcecode.swift; path = UserEditor.swift; sourceTree = "<group>"; };
		A754898E256A5DE5001257FE /* chartView.swift */ = {isa = PBXFileReference; lastKnownFileType = sourcecode.swift; path = chartView.swift; sourceTree = "<group>"; };
		A7548993256A609E001257FE /* data.swift */ = {isa = PBXFileReference; lastKnownFileType = sourcecode.swift; path = data.swift; sourceTree = "<group>"; };
		A77E7111256D2AF40035E90E /* musicRowView.swift */ = {isa = PBXFileReference; lastKnownFileType = sourcecode.swift; path = musicRowView.swift; sourceTree = "<group>"; };
		A77E7117256D2FA50035E90E /* rankView.swift */ = {isa = PBXFileReference; lastKnownFileType = sourcecode.swift; path = rankView.swift; sourceTree = "<group>"; };
		A77E711D256E2D680035E90E /* zhou-jie-lun-jay-chou-with-yang-rui-dai-deng-ni-xia-ke-waiting-for-you-ge-ci-ban-mv.mp3 */ = {isa = PBXFileReference; lastKnownFileType = audio.mp3; path = "zhou-jie-lun-jay-chou-with-yang-rui-dai-deng-ni-xia-ke-waiting-for-you-ge-ci-ban-mv.mp3"; sourceTree = "<group>"; };
		A77E711E256E2D680035E90E /* zhou-jie-lun-jay-chou-shuo-hao-bu-ku-wont-cry-with-wu-yue-tian-a-xin-mayday-ashin-official-mv.mp3 */ = {isa = PBXFileReference; lastKnownFileType = audio.mp3; path = "zhou-jie-lun-jay-chou-shuo-hao-bu-ku-wont-cry-with-wu-yue-tian-a-xin-mayday-ashin-official-mv.mp3"; sourceTree = "<group>"; };
		A77E711F256E2D680035E90E /* zhou-jie-lun-jay-chou-te-bie-yan-chu-pai-wei-jun-gao-bai-qi-qiu-love-confession-official-mv.mp3 */ = {isa = PBXFileReference; lastKnownFileType = audio.mp3; path = "zhou-jie-lun-jay-chou-te-bie-yan-chu-pai-wei-jun-gao-bai-qi-qiu-love-confession-official-mv.mp3"; sourceTree = "<group>"; };
		A77E7126256E2D850035E90E /* shou-zi-e-so-wait-official-music-video.mp3 */ = {isa = PBXFileReference; lastKnownFileType = audio.mp3; path = "shou-zi-e-so-wait-official-music-video.mp3"; sourceTree = "<group>"; };
		A77E7127256E2D860035E90E /* zhou-jie-lun-jay-chou-bu-ai-wo-jiu-la-dao-if-you-dont-love-me-its-fine-official-mv-fa-shao-ying-pian-hua-yu-di-qu-chan-lian-di-mei-guo-zhi-chong-qian-er.mp3 */ = {isa = PBXFileReference; lastKnownFileType = audio.mp3; path = "zhou-jie-lun-jay-chou-bu-ai-wo-jiu-la-dao-if-you-dont-love-me-its-fine-official-mv-fa-shao-ying-pian-hua-yu-di-qu-chan-lian-di-mei-guo-zhi-chong-qian-er.mp3"; sourceTree = "<group>"; };
		A77E7128256E2D860035E90E /* zhou-jie-lun-jay-chou-x-amei-bu-gai-shouldnt-be-official-mv.mp3 */ = {isa = PBXFileReference; lastKnownFileType = audio.mp3; path = "zhou-jie-lun-jay-chou-x-amei-bu-gai-shouldnt-be-official-mv.mp3"; sourceTree = "<group>"; };
		A77E7129256E2D860035E90E /* shou-zi-e-so-change-official-music-video-5k.mp3 */ = {isa = PBXFileReference; lastKnownFileType = audio.mp3; path = "shou-zi-e-so-change-official-music-video-5k.mp3"; sourceTree = "<group>"; };
		A77E712A256E2D860035E90E /* shou-zi-e-so-ta-mei-zai-kan-wo-she-aint-watchin-official-music-video-5k.mp3 */ = {isa = PBXFileReference; lastKnownFileType = audio.mp3; path = "shou-zi-e-so-ta-mei-zai-kan-wo-she-aint-watchin-official-music-video-5k.mp3"; sourceTree = "<group>"; };
		A77E712C256E2D870035E90E /* shou-zi-e-so-tai-yang-when-the-cloudless-day-comes-lyric-video.mp3 */ = {isa = PBXFileReference; lastKnownFileType = audio.mp3; path = "shou-zi-e-so-tai-yang-when-the-cloudless-day-comes-lyric-video.mp3"; sourceTree = "<group>"; };
		A77E712D256E2D870035E90E /* shou-zi-e-so-bo-fu-bo-fu-official-music-video.mp3 */ = {isa = PBXFileReference; lastKnownFileType = audio.mp3; path = "shou-zi-e-so-bo-fu-bo-fu-official-music-video.mp3"; sourceTree = "<group>"; };
		A77E713C256E2DB30035E90E /* ericzhou-xing-zhe-yi-hou-bie-zuo-peng-you-the-distance-of-love-official-music-video.mp3 */ = {isa = PBXFileReference; lastKnownFileType = audio.mp3; path = "ericzhou-xing-zhe-yi-hou-bie-zuo-peng-you-the-distance-of-love-official-music-video.mp3"; sourceTree = "<group>"; };
		A77E713D256E2DB40035E90E /* ericzhou-xing-zhe-zhong-yu-liao-jie-zi-you-freedom-official-music-video.mp3 */ = {isa = PBXFileReference; lastKnownFileType = audio.mp3; path = "ericzhou-xing-zhe-zhong-yu-liao-jie-zi-you-freedom-official-music-video.mp3"; sourceTree = "<group>"; };
		A77E713E256E2DB40035E90E /* ericzhou-xing-zhe-wo-hen-kuai-le-im-happy-official-music-video.mp3 */ = {isa = PBXFileReference; lastKnownFileType = audio.mp3; path = "ericzhou-xing-zhe-wo-hen-kuai-le-im-happy-official-music-video.mp3"; sourceTree = "<group>"; };
		A77E713F256E2DB40035E90E /* hua-ju-ni-you-nian-da-xue-ma-pian-wei-qu.mp3 */ = {isa = PBXFileReference; lastKnownFileType = audio.mp3; path = "hua-ju-ni-you-nian-da-xue-ma-pian-wei-qu.mp3"; sourceTree = "<group>"; };
		A77E7140256E2DB40035E90E /* ericzhou-xing-zhe-ni-hao-bu-hao-how-have-you-been-official-music-video-yi-han-pin-tu-pian-wei-qu.mp3 */ = {isa = PBXFileReference; lastKnownFileType = audio.mp3; path = "ericzhou-xing-zhe-ni-hao-bu-hao-how-have-you-been-official-music-video-yi-han-pin-tu-pian-wei-qu.mp3"; sourceTree = "<group>"; };
		A78DB6D7256BDC63008F2E03 /* piechartView.swift */ = {isa = PBXFileReference; lastKnownFileType = sourcecode.swift; path = piechartView.swift; sourceTree = "<group>"; };
		A78DB6DF256BDC8B008F2E03 /* HistogramView.swift */ = {isa = PBXFileReference; lastKnownFileType = sourcecode.swift; path = HistogramView.swift; sourceTree = "<group>"; };
/* End PBXFileReference section */

/* Begin PBXFrameworksBuildPhase section */
		A75489342566907F001257FE /* Frameworks */ = {
			isa = PBXFrameworksBuildPhase;
			buildActionMask = 2147483647;
			files = (
			);
			runOnlyForDeploymentPostprocessing = 0;
		};
		A754894525669083001257FE /* Frameworks */ = {
			isa = PBXFrameworksBuildPhase;
			buildActionMask = 2147483647;
			files = (
			);
			runOnlyForDeploymentPostprocessing = 0;
		};
		A754895025669083001257FE /* Frameworks */ = {
			isa = PBXFrameworksBuildPhase;
			buildActionMask = 2147483647;
			files = (
			);
			runOnlyForDeploymentPostprocessing = 0;
		};
/* End PBXFrameworksBuildPhase section */

/* Begin PBXGroup section */
		A754892E2566907F001257FE = {
			isa = PBXGroup;
			children = (
				A75489392566907F001257FE /* HW4_crudapp */,
				A754894B25669083001257FE /* HW4_crudappTests */,
				A754895625669083001257FE /* HW4_crudappUITests */,
				A75489382566907F001257FE /* Products */,
			);
			sourceTree = "<group>";
		};
		A75489382566907F001257FE /* Products */ = {
			isa = PBXGroup;
			children = (
				A75489372566907F001257FE /* HW4_crudapp.app */,
				A754894825669083001257FE /* HW4_crudappTests.xctest */,
				A754895325669083001257FE /* HW4_crudappUITests.xctest */,
			);
			name = Products;
			sourceTree = "<group>";
		};
		A75489392566907F001257FE /* HW4_crudapp */ = {
			isa = PBXGroup;
			children = (
				A754893A2566907F001257FE /* HW4_crudappApp.swift */,
				A754893C2566907F001257FE /* ContentView.swift */,
				A77E7111256D2AF40035E90E /* musicRowView.swift */,
				A77E7117256D2FA50035E90E /* rankView.swift */,
				A7548993256A609E001257FE /* data.swift */,
				A754898E256A5DE5001257FE /* chartView.swift */,
				A78DB6D7256BDC63008F2E03 /* piechartView.swift */,
				A78DB6DF256BDC8B008F2E03 /* HistogramView.swift */,
				A754896825669315001257FE /* User.swift */,
				A754897725669531001257FE /* UserList.swift */,
				A754898425669802001257FE /* UserEditor.swift */,
				A754897F25669580001257FE /* UserData.swift */,
				A7548972256693D5001257FE /* UserRow.swift */,
				A77E711E256E2D680035E90E /* zhou-jie-lun-jay-chou-shuo-hao-bu-ku-wont-cry-with-wu-yue-tian-a-xin-mayday-ashin-official-mv.mp3 */,
				A77E711F256E2D680035E90E /* zhou-jie-lun-jay-chou-te-bie-yan-chu-pai-wei-jun-gao-bai-qi-qiu-love-confession-official-mv.mp3 */,
				A77E711D256E2D680035E90E /* zhou-jie-lun-jay-chou-with-yang-rui-dai-deng-ni-xia-ke-waiting-for-you-ge-ci-ban-mv.mp3 */,
				A77E712D256E2D870035E90E /* shou-zi-e-so-bo-fu-bo-fu-official-music-video.mp3 */,
				A77E7129256E2D860035E90E /* shou-zi-e-so-change-official-music-video-5k.mp3 */,
				A77E712A256E2D860035E90E /* shou-zi-e-so-ta-mei-zai-kan-wo-she-aint-watchin-official-music-video-5k.mp3 */,
				A77E712C256E2D870035E90E /* shou-zi-e-so-tai-yang-when-the-cloudless-day-comes-lyric-video.mp3 */,
				A77E7126256E2D850035E90E /* shou-zi-e-so-wait-official-music-video.mp3 */,
				A77E7127256E2D860035E90E /* zhou-jie-lun-jay-chou-bu-ai-wo-jiu-la-dao-if-you-dont-love-me-its-fine-official-mv-fa-shao-ying-pian-hua-yu-di-qu-chan-lian-di-mei-guo-zhi-chong-qian-er.mp3 */,
				A77E7128256E2D860035E90E /* zhou-jie-lun-jay-chou-x-amei-bu-gai-shouldnt-be-official-mv.mp3 */,
				A77E7140256E2DB40035E90E /* ericzhou-xing-zhe-ni-hao-bu-hao-how-have-you-been-official-music-video-yi-han-pin-tu-pian-wei-qu.mp3 */,
				A77E713E256E2DB40035E90E /* ericzhou-xing-zhe-wo-hen-kuai-le-im-happy-official-music-video.mp3 */,
				A77E713C256E2DB30035E90E /* ericzhou-xing-zhe-yi-hou-bie-zuo-peng-you-the-distance-of-love-official-music-video.mp3 */,
				A77E713D256E2DB40035E90E /* ericzhou-xing-zhe-zhong-yu-liao-jie-zi-you-freedom-official-music-video.mp3 */,
				A77E713F256E2DB40035E90E /* hua-ju-ni-you-nian-da-xue-ma-pian-wei-qu.mp3 */,
				A754893E25669083001257FE /* Assets.xcassets */,
				A754894325669083001257FE /* Info.plist */,
				A754894025669083001257FE /* Preview Content */,
			);
			path = HW4_crudapp;
			sourceTree = "<group>";
		};
		A754894025669083001257FE /* Preview Content */ = {
			isa = PBXGroup;
			children = (
				A754894125669083001257FE /* Preview Assets.xcassets */,
			);
			path = "Preview Content";
			sourceTree = "<group>";
		};
		A754894B25669083001257FE /* HW4_crudappTests */ = {
			isa = PBXGroup;
			children = (
				A754894C25669083001257FE /* HW4_crudappTests.swift */,
				A754894E25669083001257FE /* Info.plist */,
			);
			path = HW4_crudappTests;
			sourceTree = "<group>";
		};
		A754895625669083001257FE /* HW4_crudappUITests */ = {
			isa = PBXGroup;
			children = (
				A754895725669083001257FE /* HW4_crudappUITests.swift */,
				A754895925669083001257FE /* Info.plist */,
			);
			path = HW4_crudappUITests;
			sourceTree = "<group>";
		};
/* End PBXGroup section */

/* Begin PBXNativeTarget section */
		A75489362566907F001257FE /* HW4_crudapp */ = {
			isa = PBXNativeTarget;
			buildConfigurationList = A754895C25669083001257FE /* Build configuration list for PBXNativeTarget "HW4_crudapp" */;
			buildPhases = (
				A75489332566907F001257FE /* Sources */,
				A75489342566907F001257FE /* Frameworks */,
				A75489352566907F001257FE /* Resources */,
			);
			buildRules = (
			);
			dependencies = (
			);
			name = HW4_crudapp;
			productName = HW4_crudapp;
			productReference = A75489372566907F001257FE /* HW4_crudapp.app */;
			productType = "com.apple.product-type.application";
		};
		A754894725669083001257FE /* HW4_crudappTests */ = {
			isa = PBXNativeTarget;
			buildConfigurationList = A754895F25669083001257FE /* Build configuration list for PBXNativeTarget "HW4_crudappTests" */;
			buildPhases = (
				A754894425669083001257FE /* Sources */,
				A754894525669083001257FE /* Frameworks */,
				A754894625669083001257FE /* Resources */,
			);
			buildRules = (
			);
			dependencies = (
				A754894A25669083001257FE /* PBXTargetDependency */,
			);
			name = HW4_crudappTests;
			productName = HW4_crudappTests;
			productReference = A754894825669083001257FE /* HW4_crudappTests.xctest */;
			productType = "com.apple.product-type.bundle.unit-test";
		};
		A754895225669083001257FE /* HW4_crudappUITests */ = {
			isa = PBXNativeTarget;
			buildConfigurationList = A754896225669083001257FE /* Build configuration list for PBXNativeTarget "HW4_crudappUITests" */;
			buildPhases = (
				A754894F25669083001257FE /* Sources */,
				A754895025669083001257FE /* Frameworks */,
				A754895125669083001257FE /* Resources */,
			);
			buildRules = (
			);
			dependencies = (
				A754895525669083001257FE /* PBXTargetDependency */,
			);
			name = HW4_crudappUITests;
			productName = HW4_crudappUITests;
			productReference = A754895325669083001257FE /* HW4_crudappUITests.xctest */;
			productType = "com.apple.product-type.bundle.ui-testing";
		};
/* End PBXNativeTarget section */

/* Begin PBXProject section */
		A754892F2566907F001257FE /* Project object */ = {
			isa = PBXProject;
			attributes = {
				LastSwiftUpdateCheck = 1200;
				LastUpgradeCheck = 1200;
				TargetAttributes = {
					A75489362566907F001257FE = {
						CreatedOnToolsVersion = 12.0.1;
					};
					A754894725669083001257FE = {
						CreatedOnToolsVersion = 12.0.1;
						TestTargetID = A75489362566907F001257FE;
					};
					A754895225669083001257FE = {
						CreatedOnToolsVersion = 12.0.1;
						TestTargetID = A75489362566907F001257FE;
					};
				};
			};
			buildConfigurationList = A75489322566907F001257FE /* Build configuration list for PBXProject "HW4_crudapp" */;
			compatibilityVersion = "Xcode 9.3";
			developmentRegion = en;
			hasScannedForEncodings = 0;
			knownRegions = (
				en,
				Base,
			);
			mainGroup = A754892E2566907F001257FE;
			productRefGroup = A75489382566907F001257FE /* Products */;
			projectDirPath = "";
			projectRoot = "";
			targets = (
				A75489362566907F001257FE /* HW4_crudapp */,
				A754894725669083001257FE /* HW4_crudappTests */,
				A754895225669083001257FE /* HW4_crudappUITests */,
			);
		};
/* End PBXProject section */

/* Begin PBXResourcesBuildPhase section */
		A75489352566907F001257FE /* Resources */ = {
			isa = PBXResourcesBuildPhase;
			buildActionMask = 2147483647;
			files = (
				A754894225669083001257FE /* Preview Assets.xcassets in Resources */,
				A77E7135256E2D870035E90E /* shou-zi-e-so-bo-fu-bo-fu-official-music-video.mp3 in Resources */,
				A754893F25669083001257FE /* Assets.xcassets in Resources */,
				A77E7142256E2DB40035E90E /* ericzhou-xing-zhe-zhong-yu-liao-jie-zi-you-freedom-official-music-video.mp3 in Resources */,
				A77E7131256E2D870035E90E /* shou-zi-e-so-change-official-music-video-5k.mp3 in Resources */,
				A77E7120256E2D690035E90E /* zhou-jie-lun-jay-chou-with-yang-rui-dai-deng-ni-xia-ke-waiting-for-you-ge-ci-ban-mv.mp3 in Resources */,
				A77E7132256E2D870035E90E /* shou-zi-e-so-ta-mei-zai-kan-wo-she-aint-watchin-official-music-video-5k.mp3 in Resources */,
				A77E7134256E2D870035E90E /* shou-zi-e-so-tai-yang-when-the-cloudless-day-comes-lyric-video.mp3 in Resources */,
				A77E7121256E2D690035E90E /* zhou-jie-lun-jay-chou-shuo-hao-bu-ku-wont-cry-with-wu-yue-tian-a-xin-mayday-ashin-official-mv.mp3 in Resources */,
				A77E7141256E2DB40035E90E /* ericzhou-xing-zhe-yi-hou-bie-zuo-peng-you-the-distance-of-love-official-music-video.mp3 in Resources */,
				A77E712E256E2D870035E90E /* shou-zi-e-so-wait-official-music-video.mp3 in Resources */,
				A77E7144256E2DB40035E90E /* hua-ju-ni-you-nian-da-xue-ma-pian-wei-qu.mp3 in Resources */,
				A77E7130256E2D870035E90E /* zhou-jie-lun-jay-chou-x-amei-bu-gai-shouldnt-be-official-mv.mp3 in Resources */,
				A77E7122256E2D690035E90E /* zhou-jie-lun-jay-chou-te-bie-yan-chu-pai-wei-jun-gao-bai-qi-qiu-love-confession-official-mv.mp3 in Resources */,
				A77E712F256E2D870035E90E /* zhou-jie-lun-jay-chou-bu-ai-wo-jiu-la-dao-if-you-dont-love-me-its-fine-official-mv-fa-shao-ying-pian-hua-yu-di-qu-chan-lian-di-mei-guo-zhi-chong-qian-er.mp3 in Resources */,
				A77E7145256E2DB40035E90E /* ericzhou-xing-zhe-ni-hao-bu-hao-how-have-you-been-official-music-video-yi-han-pin-tu-pian-wei-qu.mp3 in Resources */,
				A77E7143256E2DB40035E90E /* ericzhou-xing-zhe-wo-hen-kuai-le-im-happy-official-music-video.mp3 in Resources */,
			);
			runOnlyForDeploymentPostprocessing = 0;
		};
		A754894625669083001257FE /* Resources */ = {
			isa = PBXResourcesBuildPhase;
			buildActionMask = 2147483647;
			files = (
			);
			runOnlyForDeploymentPostprocessing = 0;
		};
		A754895125669083001257FE /* Resources */ = {
			isa = PBXResourcesBuildPhase;
			buildActionMask = 2147483647;
			files = (
			);
			runOnlyForDeploymentPostprocessing = 0;
		};
/* End PBXResourcesBuildPhase section */

/* Begin PBXSourcesBuildPhase section */
		A75489332566907F001257FE /* Sources */ = {
			isa = PBXSourcesBuildPhase;
			buildActionMask = 2147483647;
			files = (
				A77E7118256D2FA50035E90E /* rankView.swift in Sources */,
				A754898025669580001257FE /* UserData.swift in Sources */,
				A754893D2566907F001257FE /* ContentView.swift in Sources */,
				A7548994256A609E001257FE /* data.swift in Sources */,
				A754898525669802001257FE /* UserEditor.swift in Sources */,
				A754893B2566907F001257FE /* HW4_crudappApp.swift in Sources */,
				A77E7112256D2AF40035E90E /* musicRowView.swift in Sources */,
				A7548973256693D5001257FE /* UserRow.swift in Sources */,
				A754897825669531001257FE /* UserList.swift in Sources */,
				A78DB6D8256BDC63008F2E03 /* piechartView.swift in Sources */,
				A754896925669315001257FE /* User.swift in Sources */,
				A754898F256A5DE5001257FE /* chartView.swift in Sources */,
				A78DB6E0256BDC8B008F2E03 /* HistogramView.swift in Sources */,
			);
			runOnlyForDeploymentPostprocessing = 0;
		};
		A754894425669083001257FE /* Sources */ = {
			isa = PBXSourcesBuildPhase;
			buildActionMask = 2147483647;
			files = (
				A754894D25669083001257FE /* HW4_crudappTests.swift in Sources */,
			);
			runOnlyForDeploymentPostprocessing = 0;
		};
		A754894F25669083001257FE /* Sources */ = {
			isa = PBXSourcesBuildPhase;
			buildActionMask = 2147483647;
			files = (
				A754895825669083001257FE /* HW4_crudappUITests.swift in Sources */,
			);
			runOnlyForDeploymentPostprocessing = 0;
		};
/* End PBXSourcesBuildPhase section */

/* Begin PBXTargetDependency section */
		A754894A25669083001257FE /* PBXTargetDependency */ = {
			isa = PBXTargetDependency;
			target = A75489362566907F001257FE /* HW4_crudapp */;
			targetProxy = A754894925669083001257FE /* PBXContainerItemProxy */;
		};
		A754895525669083001257FE /* PBXTargetDependency */ = {
			isa = PBXTargetDependency;
			target = A75489362566907F001257FE /* HW4_crudapp */;
			targetProxy = A754895425669083001257FE /* PBXContainerItemProxy */;
		};
/* End PBXTargetDependency section */

/* Begin XCBuildConfiguration section */
		A754895A25669083001257FE /* Debug */ = {
			isa = XCBuildConfiguration;
			buildSettings = {
				ALWAYS_SEARCH_USER_PATHS = NO;
				CLANG_ANALYZER_NONNULL = YES;
				CLANG_ANALYZER_NUMBER_OBJECT_CONVERSION = YES_AGGRESSIVE;
				CLANG_CXX_LANGUAGE_STANDARD = "gnu++14";
				CLANG_CXX_LIBRARY = "libc++";
				CLANG_ENABLE_MODULES = YES;
				CLANG_ENABLE_OBJC_ARC = YES;
				CLANG_ENABLE_OBJC_WEAK = YES;
				CLANG_WARN_BLOCK_CAPTURE_AUTORELEASING = YES;
				CLANG_WARN_BOOL_CONVERSION = YES;
				CLANG_WARN_COMMA = YES;
				CLANG_WARN_CONSTANT_CONVERSION = YES;
				CLANG_WARN_DEPRECATED_OBJC_IMPLEMENTATIONS = YES;
				CLANG_WARN_DIRECT_OBJC_ISA_USAGE = YES_ERROR;
				CLANG_WARN_DOCUMENTATION_COMMENTS = YES;
				CLANG_WARN_EMPTY_BODY = YES;
				CLANG_WARN_ENUM_CONVERSION = YES;
				CLANG_WARN_INFINITE_RECURSION = YES;
				CLANG_WARN_INT_CONVERSION = YES;
				CLANG_WARN_NON_LITERAL_NULL_CONVERSION = YES;
				CLANG_WARN_OBJC_IMPLICIT_RETAIN_SELF = YES;
				CLANG_WARN_OBJC_LITERAL_CONVERSION = YES;
				CLANG_WARN_OBJC_ROOT_CLASS = YES_ERROR;
				CLANG_WARN_QUOTED_INCLUDE_IN_FRAMEWORK_HEADER = YES;
				CLANG_WARN_RANGE_LOOP_ANALYSIS = YES;
				CLANG_WARN_STRICT_PROTOTYPES = YES;
				CLANG_WARN_SUSPICIOUS_MOVE = YES;
				CLANG_WARN_UNGUARDED_AVAILABILITY = YES_AGGRESSIVE;
				CLANG_WARN_UNREACHABLE_CODE = YES;
				CLANG_WARN__DUPLICATE_METHOD_MATCH = YES;
				COPY_PHASE_STRIP = NO;
				DEBUG_INFORMATION_FORMAT = dwarf;
				ENABLE_STRICT_OBJC_MSGSEND = YES;
				ENABLE_TESTABILITY = YES;
				GCC_C_LANGUAGE_STANDARD = gnu11;
				GCC_DYNAMIC_NO_PIC = NO;
				GCC_NO_COMMON_BLOCKS = YES;
				GCC_OPTIMIZATION_LEVEL = 0;
				GCC_PREPROCESSOR_DEFINITIONS = (
					"DEBUG=1",
					"$(inherited)",
				);
				GCC_WARN_64_TO_32_BIT_CONVERSION = YES;
				GCC_WARN_ABOUT_RETURN_TYPE = YES_ERROR;
				GCC_WARN_UNDECLARED_SELECTOR = YES;
				GCC_WARN_UNINITIALIZED_AUTOS = YES_AGGRESSIVE;
				GCC_WARN_UNUSED_FUNCTION = YES;
				GCC_WARN_UNUSED_VARIABLE = YES;
				IPHONEOS_DEPLOYMENT_TARGET = 14.0;
				MTL_ENABLE_DEBUG_INFO = INCLUDE_SOURCE;
				MTL_FAST_MATH = YES;
				ONLY_ACTIVE_ARCH = YES;
				SDKROOT = iphoneos;
				SWIFT_ACTIVE_COMPILATION_CONDITIONS = DEBUG;
				SWIFT_OPTIMIZATION_LEVEL = "-Onone";
			};
			name = Debug;
		};
		A754895B25669083001257FE /* Release */ = {
			isa = XCBuildConfiguration;
			buildSettings = {
				ALWAYS_SEARCH_USER_PATHS = NO;
				CLANG_ANALYZER_NONNULL = YES;
				CLANG_ANALYZER_NUMBER_OBJECT_CONVERSION = YES_AGGRESSIVE;
				CLANG_CXX_LANGUAGE_STANDARD = "gnu++14";
				CLANG_CXX_LIBRARY = "libc++";
				CLANG_ENABLE_MODULES = YES;
				CLANG_ENABLE_OBJC_ARC = YES;
				CLANG_ENABLE_OBJC_WEAK = YES;
				CLANG_WARN_BLOCK_CAPTURE_AUTORELEASING = YES;
				CLANG_WARN_BOOL_CONVERSION = YES;
				CLANG_WARN_COMMA = YES;
				CLANG_WARN_CONSTANT_CONVERSION = YES;
				CLANG_WARN_DEPRECATED_OBJC_IMPLEMENTATIONS = YES;
				CLANG_WARN_DIRECT_OBJC_ISA_USAGE = YES_ERROR;
				CLANG_WARN_DOCUMENTATION_COMMENTS = YES;
				CLANG_WARN_EMPTY_BODY = YES;
				CLANG_WARN_ENUM_CONVERSION = YES;
				CLANG_WARN_INFINITE_RECURSION = YES;
				CLANG_WARN_INT_CONVERSION = YES;
				CLANG_WARN_NON_LITERAL_NULL_CONVERSION = YES;
				CLANG_WARN_OBJC_IMPLICIT_RETAIN_SELF = YES;
				CLANG_WARN_OBJC_LITERAL_CONVERSION = YES;
				CLANG_WARN_OBJC_ROOT_CLASS = YES_ERROR;
				CLANG_WARN_QUOTED_INCLUDE_IN_FRAMEWORK_HEADER = YES;
				CLANG_WARN_RANGE_LOOP_ANALYSIS = YES;
				CLANG_WARN_STRICT_PROTOTYPES = YES;
				CLANG_WARN_SUSPICIOUS_MOVE = YES;
				CLANG_WARN_UNGUARDED_AVAILABILITY = YES_AGGRESSIVE;
				CLANG_WARN_UNREACHABLE_CODE = YES;
				CLANG_WARN__DUPLICATE_METHOD_MATCH = YES;
				COPY_PHASE_STRIP = NO;
				DEBUG_INFORMATION_FORMAT = "dwarf-with-dsym";
				ENABLE_NS_ASSERTIONS = NO;
				ENABLE_STRICT_OBJC_MSGSEND = YES;
				GCC_C_LANGUAGE_STANDARD = gnu11;
				GCC_NO_COMMON_BLOCKS = YES;
				GCC_WARN_64_TO_32_BIT_CONVERSION = YES;
				GCC_WARN_ABOUT_RETURN_TYPE = YES_ERROR;
				GCC_WARN_UNDECLARED_SELECTOR = YES;
				GCC_WARN_UNINITIALIZED_AUTOS = YES_AGGRESSIVE;
				GCC_WARN_UNUSED_FUNCTION = YES;
				GCC_WARN_UNUSED_VARIABLE = YES;
				IPHONEOS_DEPLOYMENT_TARGET = 14.0;
				MTL_ENABLE_DEBUG_INFO = NO;
				MTL_FAST_MATH = YES;
				SDKROOT = iphoneos;
				SWIFT_COMPILATION_MODE = wholemodule;
				SWIFT_OPTIMIZATION_LEVEL = "-O";
				VALIDATE_PRODUCT = YES;
			};
			name = Release;
		};
		A754895D25669083001257FE /* Debug */ = {
			isa = XCBuildConfiguration;
			buildSettings = {
				ASSETCATALOG_COMPILER_APPICON_NAME = AppIcon;
				ASSETCATALOG_COMPILER_GLOBAL_ACCENT_COLOR_NAME = AccentColor;
				CODE_SIGN_STYLE = Automatic;
				DEVELOPMENT_ASSET_PATHS = "\"HW4_crudapp/Preview Content\"";
				ENABLE_PREVIEWS = YES;
				INFOPLIST_FILE = HW4_crudapp/Info.plist;
				IPHONEOS_DEPLOYMENT_TARGET = 14.0;
				LD_RUNPATH_SEARCH_PATHS = (
					"$(inherited)",
					"@executable_path/Frameworks",
				);
				PRODUCT_BUNDLE_IDENTIFIER = "com.yi.HW4-crudapp";
				PRODUCT_NAME = "$(TARGET_NAME)";
				SWIFT_VERSION = 5.0;
				TARGETED_DEVICE_FAMILY = "1,2";
			};
			name = Debug;
		};
		A754895E25669083001257FE /* Release */ = {
			isa = XCBuildConfiguration;
			buildSettings = {
				ASSETCATALOG_COMPILER_APPICON_NAME = AppIcon;
				ASSETCATALOG_COMPILER_GLOBAL_ACCENT_COLOR_NAME = AccentColor;
				CODE_SIGN_STYLE = Automatic;
				DEVELOPMENT_ASSET_PATHS = "\"HW4_crudapp/Preview Content\"";
				ENABLE_PREVIEWS = YES;
				INFOPLIST_FILE = HW4_crudapp/Info.plist;
				IPHONEOS_DEPLOYMENT_TARGET = 14.0;
				LD_RUNPATH_SEARCH_PATHS = (
					"$(inherited)",
					"@executable_path/Frameworks",
				);
				PRODUCT_BUNDLE_IDENTIFIER = "com.yi.HW4-crudapp";
				PRODUCT_NAME = "$(TARGET_NAME)";
				SWIFT_VERSION = 5.0;
				TARGETED_DEVICE_FAMILY = "1,2";
			};
			name = Release;
		};
		A754896025669083001257FE /* Debug */ = {
			isa = XCBuildConfiguration;
			buildSettings = {
				ALWAYS_EMBED_SWIFT_STANDARD_LIBRARIES = YES;
				BUNDLE_LOADER = "$(TEST_HOST)";
				CODE_SIGN_STYLE = Automatic;
				INFOPLIST_FILE = HW4_crudappTests/Info.plist;
				IPHONEOS_DEPLOYMENT_TARGET = 14.0;
				LD_RUNPATH_SEARCH_PATHS = (
					"$(inherited)",
					"@executable_path/Frameworks",
					"@loader_path/Frameworks",
				);
				PRODUCT_BUNDLE_IDENTIFIER = "com.yi.HW4-crudappTests";
				PRODUCT_NAME = "$(TARGET_NAME)";
				SWIFT_VERSION = 5.0;
				TARGETED_DEVICE_FAMILY = "1,2";
				TEST_HOST = "$(BUILT_PRODUCTS_DIR)/HW4_crudapp.app/HW4_crudapp";
			};
			name = Debug;
		};
		A754896125669083001257FE /* Release */ = {
			isa = XCBuildConfiguration;
			buildSettings = {
				ALWAYS_EMBED_SWIFT_STANDARD_LIBRARIES = YES;
				BUNDLE_LOADER = "$(TEST_HOST)";
				CODE_SIGN_STYLE = Automatic;
				INFOPLIST_FILE = HW4_crudappTests/Info.plist;
				IPHONEOS_DEPLOYMENT_TARGET = 14.0;
				LD_RUNPATH_SEARCH_PATHS = (
					"$(inherited)",
					"@executable_path/Frameworks",
					"@loader_path/Frameworks",
				);
				PRODUCT_BUNDLE_IDENTIFIER = "com.yi.HW4-crudappTests";
				PRODUCT_NAME = "$(TARGET_NAME)";
				SWIFT_VERSION = 5.0;
				TARGETED_DEVICE_FAMILY = "1,2";
				TEST_HOST = "$(BUILT_PRODUCTS_DIR)/HW4_crudapp.app/HW4_crudapp";
			};
			name = Release;
		};
		A754896325669083001257FE /* Debug */ = {
			isa = XCBuildConfiguration;
			buildSettings = {
				ALWAYS_EMBED_SWIFT_STANDARD_LIBRARIES = YES;
				CODE_SIGN_STYLE = Automatic;
				INFOPLIST_FILE = HW4_crudappUITests/Info.plist;
				LD_RUNPATH_SEARCH_PATHS = (
					"$(inherited)",
					"@executable_path/Frameworks",
					"@loader_path/Frameworks",
				);
				PRODUCT_BUNDLE_IDENTIFIER = "com.yi.HW4-crudappUITests";
				PRODUCT_NAME = "$(TARGET_NAME)";
				SWIFT_VERSION = 5.0;
				TARGETED_DEVICE_FAMILY = "1,2";
				TEST_TARGET_NAME = HW4_crudapp;
			};
			name = Debug;
		};
		A754896425669083001257FE /* Release */ = {
			isa = XCBuildConfiguration;
			buildSettings = {
				ALWAYS_EMBED_SWIFT_STANDARD_LIBRARIES = YES;
				CODE_SIGN_STYLE = Automatic;
				INFOPLIST_FILE = HW4_crudappUITests/Info.plist;
				LD_RUNPATH_SEARCH_PATHS = (
					"$(inherited)",
					"@executable_path/Frameworks",
					"@loader_path/Frameworks",
				);
				PRODUCT_BUNDLE_IDENTIFIER = "com.yi.HW4-crudappUITests";
				PRODUCT_NAME = "$(TARGET_NAME)";
				SWIFT_VERSION = 5.0;
				TARGETED_DEVICE_FAMILY = "1,2";
				TEST_TARGET_NAME = HW4_crudapp;
			};
			name = Release;
		};
/* End XCBuildConfiguration section */

/* Begin XCConfigurationList section */
		A75489322566907F001257FE /* Build configuration list for PBXProject "HW4_crudapp" */ = {
			isa = XCConfigurationList;
			buildConfigurations = (
				A754895A25669083001257FE /* Debug */,
				A754895B25669083001257FE /* Release */,
			);
			defaultConfigurationIsVisible = 0;
			defaultConfigurationName = Release;
		};
		A754895C25669083001257FE /* Build configuration list for PBXNativeTarget "HW4_crudapp" */ = {
			isa = XCConfigurationList;
			buildConfigurations = (
				A754895D25669083001257FE /* Debug */,
				A754895E25669083001257FE /* Release */,
			);
			defaultConfigurationIsVisible = 0;
			defaultConfigurationName = Release;
		};
		A754895F25669083001257FE /* Build configuration list for PBXNativeTarget "HW4_crudappTests" */ = {
			isa = XCConfigurationList;
			buildConfigurations = (
				A754896025669083001257FE /* Debug */,
				A754896125669083001257FE /* Release */,
			);
			defaultConfigurationIsVisible = 0;
			defaultConfigurationName = Release;
		};
		A754896225669083001257FE /* Build configuration list for PBXNativeTarget "HW4_crudappUITests" */ = {
			isa = XCConfigurationList;
			buildConfigurations = (
				A754896325669083001257FE /* Debug */,
				A754896425669083001257FE /* Release */,
			);
			defaultConfigurationIsVisible = 0;
			defaultConfigurationName = Release;
		};
/* End XCConfigurationList section */
	};
	rootObject = A754892F2566907F001257FE /* Project object */;
}
